// !$*UTF8*$!
{
	archiveVersion = 1;
	classes = {
	};
	objectVersion = 55;
	objects = {

/* Begin PBXBuildFile section */
		5613CE6A27CEB58800C159D2 /* AppDelegate.swift in Sources */ = {isa = PBXBuildFile; fileRef = 5613CE6927CEB58800C159D2 /* AppDelegate.swift */; };
		5613CE6C27CEB58800C159D2 /* SceneDelegate.swift in Sources */ = {isa = PBXBuildFile; fileRef = 5613CE6B27CEB58800C159D2 /* SceneDelegate.swift */; };
		5613CE6E27CEB58800C159D2 /* ViewController.swift in Sources */ = {isa = PBXBuildFile; fileRef = 5613CE6D27CEB58800C159D2 /* ViewController.swift */; };
		5613CE7127CEB58800C159D2 /* Main.storyboard in Resources */ = {isa = PBXBuildFile; fileRef = 5613CE6F27CEB58800C159D2 /* Main.storyboard */; };
		5613CE7327CEB58900C159D2 /* Assets.xcassets in Resources */ = {isa = PBXBuildFile; fileRef = 5613CE7227CEB58900C159D2 /* Assets.xcassets */; };
		5613CE7627CEB58900C159D2 /* LaunchScreen.storyboard in Resources */ = {isa = PBXBuildFile; fileRef = 5613CE7427CEB58900C159D2 /* LaunchScreen.storyboard */; };
		5613CE8127CEB58900C159D2 /* CoordinateSystemsDemoTests.swift in Sources */ = {isa = PBXBuildFile; fileRef = 5613CE8027CEB58900C159D2 /* CoordinateSystemsDemoTests.swift */; };
		5613CE8B27CEB58900C159D2 /* CoordinateSystemsDemoUITests.swift in Sources */ = {isa = PBXBuildFile; fileRef = 5613CE8A27CEB58900C159D2 /* CoordinateSystemsDemoUITests.swift */; };
		5613CE8D27CEB58900C159D2 /* CoordinateSystemsDemoUITestsLaunchTests.swift in Sources */ = {isa = PBXBuildFile; fileRef = 5613CE8C27CEB58900C159D2 /* CoordinateSystemsDemoUITestsLaunchTests.swift */; };
/* End PBXBuildFile section */

/* Begin PBXContainerItemProxy section */
		5613CE7D27CEB58900C159D2 /* PBXContainerItemProxy */ = {
			isa = PBXContainerItemProxy;
			containerPortal = 5613CE5E27CEB58700C159D2 /* Project object */;
			proxyType = 1;
			remoteGlobalIDString = 5613CE6527CEB58700C159D2;
			remoteInfo = CoordinateSystemsDemo;
		};
		5613CE8727CEB58900C159D2 /* PBXContainerItemProxy */ = {
			isa = PBXContainerItemProxy;
			containerPortal = 5613CE5E27CEB58700C159D2 /* Project object */;
			proxyType = 1;
			remoteGlobalIDString = 5613CE6527CEB58700C159D2;
			remoteInfo = CoordinateSystemsDemo;
		};
/* End PBXContainerItemProxy section */

/* Begin PBXFileReference section */
		5613CE6627CEB58800C159D2 /* CoordinateSystemsDemo.app */ = {isa = PBXFileReference; explicitFileType = wrapper.application; includeInIndex = 0; path = CoordinateSystemsDemo.app; sourceTree = BUILT_PRODUCTS_DIR; };
		5613CE6927CEB58800C159D2 /* AppDelegate.swift */ = {isa = PBXFileReference; lastKnownFileType = sourcecode.swift; path = AppDelegate.swift; sourceTree = "<group>"; };
		5613CE6B27CEB58800C159D2 /* SceneDelegate.swift */ = {isa = PBXFileReference; lastKnownFileType = sourcecode.swift; path = SceneDelegate.swift; sourceTree = "<group>"; };
		5613CE6D27CEB58800C159D2 /* ViewController.swift */ = {isa = PBXFileReference; lastKnownFileType = sourcecode.swift; path = ViewController.swift; sourceTree = "<group>"; };
		5613CE7027CEB58800C159D2 /* Base */ = {isa = PBXFileReference; lastKnownFileType = file.storyboard; name = Base; path = Base.lproj/Main.storyboard; sourceTree = "<group>"; };
		5613CE7227CEB58900C159D2 /* Assets.xcassets */ = {isa = PBXFileReference; lastKnownFileType = folder.assetcatalog; path = Assets.xcassets; sourceTree = "<group>"; };
		5613CE7527CEB58900C159D2 /* Base */ = {isa = PBXFileReference; lastKnownFileType = file.storyboard; name = Base; path = Base.lproj/LaunchScreen.storyboard; sourceTree = "<group>"; };
		5613CE7727CEB58900C159D2 /* Info.plist */ = {isa = PBXFileReference; lastKnownFileType = text.plist.xml; path = Info.plist; sourceTree = "<group>"; };
		5613CE7C27CEB58900C159D2 /* CoordinateSystemsDemoTests.xctest */ = {isa = PBXFileReference; explicitFileType = wrapper.cfbundle; includeInIndex = 0; path = CoordinateSystemsDemoTests.xctest; sourceTree = BUILT_PRODUCTS_DIR; };
		5613CE8027CEB58900C159D2 /* CoordinateSystemsDemoTests.swift */ = {isa = PBXFileReference; lastKnownFileType = sourcecode.swift; path = CoordinateSystemsDemoTests.swift; sourceTree = "<group>"; };
		5613CE8627CEB58900C159D2 /* CoordinateSystemsDemoUITests.xctest */ = {isa = PBXFileReference; explicitFileType = wrapper.cfbundle; includeInIndex = 0; path = CoordinateSystemsDemoUITests.xctest; sourceTree = BUILT_PRODUCTS_DIR; };
		5613CE8A27CEB58900C159D2 /* CoordinateSystemsDemoUITests.swift */ = {isa = PBXFileReference; lastKnownFileType = sourcecode.swift; path = CoordinateSystemsDemoUITests.swift; sourceTree = "<group>"; };
		5613CE8C27CEB58900C159D2 /* CoordinateSystemsDemoUITestsLaunchTests.swift */ = {isa = PBXFileReference; lastKnownFileType = sourcecode.swift; path = CoordinateSystemsDemoUITestsLaunchTests.swift; sourceTree = "<group>"; };
/* End PBXFileReference section */

/* Begin PBXFrameworksBuildPhase section */
		5613CE6327CEB58700C159D2 /* Frameworks */ = {
			isa = PBXFrameworksBuildPhase;
			buildActionMask = 2147483647;
			files = (
			);
			runOnlyForDeploymentPostprocessing = 0;
		};
		5613CE7927CEB58900C159D2 /* Frameworks */ = {
			isa = PBXFrameworksBuildPhase;
			buildActionMask = 2147483647;
			files = (
			);
			runOnlyForDeploymentPostprocessing = 0;
		};
		5613CE8327CEB58900C159D2 /* Frameworks */ = {
			isa = PBXFrameworksBuildPhase;
			buildActionMask = 2147483647;
			files = (
			);
			runOnlyForDeploymentPostprocessing = 0;
		};
/* End PBXFrameworksBuildPhase section */

/* Begin PBXGroup section */
		5613CE5D27CEB58700C159D2 = {
			isa = PBXGroup;
			children = (
				5613CE6827CEB58800C159D2 /* CoordinateSystemsDemo */,
				5613CE7F27CEB58900C159D2 /* CoordinateSystemsDemoTests */,
				5613CE8927CEB58900C159D2 /* CoordinateSystemsDemoUITests */,
				5613CE6727CEB58800C159D2 /* Products */,
			);
			sourceTree = "<group>";
		};
		5613CE6727CEB58800C159D2 /* Products */ = {
			isa = PBXGroup;
			children = (
				5613CE6627CEB58800C159D2 /* CoordinateSystemsDemo.app */,
				5613CE7C27CEB58900C159D2 /* CoordinateSystemsDemoTests.xctest */,
				5613CE8627CEB58900C159D2 /* CoordinateSystemsDemoUITests.xctest */,
			);
			name = Products;
			sourceTree = "<group>";
		};
		5613CE6827CEB58800C159D2 /* CoordinateSystemsDemo */ = {
			isa = PBXGroup;
			children = (
				5613CE6927CEB58800C159D2 /* AppDelegate.swift */,
				5613CE6B27CEB58800C159D2 /* SceneDelegate.swift */,
				5613CE6D27CEB58800C159D2 /* ViewController.swift */,
				5613CE6F27CEB58800C159D2 /* Main.storyboard */,
				5613CE7227CEB58900C159D2 /* Assets.xcassets */,
				5613CE7427CEB58900C159D2 /* LaunchScreen.storyboard */,
				5613CE7727CEB58900C159D2 /* Info.plist */,
			);
			path = CoordinateSystemsDemo;
			sourceTree = "<group>";
		};
		5613CE7F27CEB58900C159D2 /* CoordinateSystemsDemoTests */ = {
			isa = PBXGroup;
			children = (
				5613CE8027CEB58900C159D2 /* CoordinateSystemsDemoTests.swift */,
			);
			path = CoordinateSystemsDemoTests;
			sourceTree = "<group>";
		};
		5613CE8927CEB58900C159D2 /* CoordinateSystemsDemoUITests */ = {
			isa = PBXGroup;
			children = (
				5613CE8A27CEB58900C159D2 /* CoordinateSystemsDemoUITests.swift */,
				5613CE8C27CEB58900C159D2 /* CoordinateSystemsDemoUITestsLaunchTests.swift */,
			);
			path = CoordinateSystemsDemoUITests;
			sourceTree = "<group>";
		};
/* End PBXGroup section */

/* Begin PBXNativeTarget section */
		5613CE6527CEB58700C159D2 /* CoordinateSystemsDemo */ = {
			isa = PBXNativeTarget;
			buildConfigurationList = 5613CE9027CEB58900C159D2 /* Build configuration list for PBXNativeTarget "CoordinateSystemsDemo" */;
			buildPhases = (
				5613CE6227CEB58700C159D2 /* Sources */,
				5613CE6327CEB58700C159D2 /* Frameworks */,
				5613CE6427CEB58700C159D2 /* Resources */,
			);
			buildRules = (
			);
			dependencies = (
			);
			name = CoordinateSystemsDemo;
			productName = CoordinateSystemsDemo;
			productReference = 5613CE6627CEB58800C159D2 /* CoordinateSystemsDemo.app */;
			productType = "com.apple.product-type.application";
		};
		5613CE7B27CEB58900C159D2 /* CoordinateSystemsDemoTests */ = {
			isa = PBXNativeTarget;
			buildConfigurationList = 5613CE9327CEB58900C159D2 /* Build configuration list for PBXNativeTarget "CoordinateSystemsDemoTests" */;
			buildPhases = (
				5613CE7827CEB58900C159D2 /* Sources */,
				5613CE7927CEB58900C159D2 /* Frameworks */,
				5613CE7A27CEB58900C159D2 /* Resources */,
			);
			buildRules = (
			);
			dependencies = (
				5613CE7E27CEB58900C159D2 /* PBXTargetDependency */,
			);
			name = CoordinateSystemsDemoTests;
			productName = CoordinateSystemsDemoTests;
			productReference = 5613CE7C27CEB58900C159D2 /* CoordinateSystemsDemoTests.xctest */;
			productType = "com.apple.product-type.bundle.unit-test";
		};
		5613CE8527CEB58900C159D2 /* CoordinateSystemsDemoUITests */ = {
			isa = PBXNativeTarget;
			buildConfigurationList = 5613CE9627CEB58900C159D2 /* Build configuration list for PBXNativeTarget "CoordinateSystemsDemoUITests" */;
			buildPhases = (
				5613CE8227CEB58900C159D2 /* Sources */,
				5613CE8327CEB58900C159D2 /* Frameworks */,
				5613CE8427CEB58900C159D2 /* Resources */,
			);
			buildRules = (
			);
			dependencies = (
				5613CE8827CEB58900C159D2 /* PBXTargetDependency */,
			);
			name = CoordinateSystemsDemoUITests;
			productName = CoordinateSystemsDemoUITests;
			productReference = 5613CE8627CEB58900C159D2 /* CoordinateSystemsDemoUITests.xctest */;
			productType = "com.apple.product-type.bundle.ui-testing";
		};
/* End PBXNativeTarget section */

/* Begin PBXProject section */
		5613CE5E27CEB58700C159D2 /* Project object */ = {
			isa = PBXProject;
			attributes = {
				BuildIndependentTargetsInParallel = 1;
				LastSwiftUpdateCheck = 1320;
				LastUpgradeCheck = 1320;
				TargetAttributes = {
					5613CE6527CEB58700C159D2 = {
						CreatedOnToolsVersion = 13.2.1;
					};
					5613CE7B27CEB58900C159D2 = {
						CreatedOnToolsVersion = 13.2.1;
						TestTargetID = 5613CE6527CEB58700C159D2;
					};
					5613CE8527CEB58900C159D2 = {
						CreatedOnToolsVersion = 13.2.1;
						TestTargetID = 5613CE6527CEB58700C159D2;
					};
				};
			};
			buildConfigurationList = 5613CE6127CEB58700C159D2 /* Build configuration list for PBXProject "CoordinateSystemsDemo" */;
			compatibilityVersion = "Xcode 13.0";
			developmentRegion = en;
			hasScannedForEncodings = 0;
			knownRegions = (
				en,
				Base,
			);
			mainGroup = 5613CE5D27CEB58700C159D2;
			productRefGroup = 5613CE6727CEB58800C159D2 /* Products */;
			projectDirPath = "";
			projectRoot = "";
			targets = (
				5613CE6527CEB58700C159D2 /* CoordinateSystemsDemo */,
				5613CE7B27CEB58900C159D2 /* CoordinateSystemsDemoTests */,
				5613CE8527CEB58900C159D2 /* CoordinateSystemsDemoUITests */,
			);
		};
/* End PBXProject section */

/* Begin PBXResourcesBuildPhase section */
		5613CE6427CEB58700C159D2 /* Resources */ = {
			isa = PBXResourcesBuildPhase;
			buildActionMask = 2147483647;
			files = (
				5613CE7627CEB58900C159D2 /* LaunchScreen.storyboard in Resources */,
				5613CE7327CEB58900C159D2 /* Assets.xcassets in Resources */,
				5613CE7127CEB58800C159D2 /* Main.storyboard in Resources */,
			);
			runOnlyForDeploymentPostprocessing = 0;
		};
		5613CE7A27CEB58900C159D2 /* Resources */ = {
			isa = PBXResourcesBuildPhase;
			buildActionMask = 2147483647;
			files = (
			);
			runOnlyForDeploymentPostprocessing = 0;
		};
		5613CE8427CEB58900C159D2 /* Resources */ = {
			isa = PBXResourcesBuildPhase;
			buildActionMask = 2147483647;
			files = (
			);
			runOnlyForDeploymentPostprocessing = 0;
		};
/* End PBXResourcesBuildPhase section */

/* Begin PBXSourcesBuildPhase section */
		5613CE6227CEB58700C159D2 /* Sources */ = {
			isa = PBXSourcesBuildPhase;
			buildActionMask = 2147483647;
			files = (
				5613CE6E27CEB58800C159D2 /* ViewController.swift in Sources */,
				5613CE6A27CEB58800C159D2 /* AppDelegate.swift in Sources */,
				5613CE6C27CEB58800C159D2 /* SceneDelegate.swift in Sources */,
			);
			runOnlyForDeploymentPostprocessing = 0;
		};
		5613CE7827CEB58900C159D2 /* Sources */ = {
			isa = PBXSourcesBuildPhase;
			buildActionMask = 2147483647;
			files = (
				5613CE8127CEB58900C159D2 /* CoordinateSystemsDemoTests.swift in Sources */,
			);
			runOnlyForDeploymentPostprocessing = 0;
		};
		5613CE8227CEB58900C159D2 /* Sources */ = {
			isa = PBXSourcesBuildPhase;
			buildActionMask = 2147483647;
			files = (
				5613CE8D27CEB58900C159D2 /* CoordinateSystemsDemoUITestsLaunchTests.swift in Sources */,
				5613CE8B27CEB58900C159D2 /* CoordinateSystemsDemoUITests.swift in Sources */,
			);
			runOnlyForDeploymentPostprocessing = 0;
		};
/* End PBXSourcesBuildPhase section */

/* Begin PBXTargetDependency section */
		5613CE7E27CEB58900C159D2 /* PBXTargetDependency */ = {
			isa = PBXTargetDependency;
			target = 5613CE6527CEB58700C159D2 /* CoordinateSystemsDemo */;
			targetProxy = 5613CE7D27CEB58900C159D2 /* PBXContainerItemProxy */;
		};
		5613CE8827CEB58900C159D2 /* PBXTargetDependency */ = {
			isa = PBXTargetDependency;
			target = 5613CE6527CEB58700C159D2 /* CoordinateSystemsDemo */;
			targetProxy = 5613CE8727CEB58900C159D2 /* PBXContainerItemProxy */;
		};
/* End PBXTargetDependency section */

/* Begin PBXVariantGroup section */
		5613CE6F27CEB58800C159D2 /* Main.storyboard */ = {
			isa = PBXVariantGroup;
			children = (
				5613CE7027CEB58800C159D2 /* Base */,
			);
			name = Main.storyboard;
			sourceTree = "<group>";
		};
		5613CE7427CEB58900C159D2 /* LaunchScreen.storyboard */ = {
			isa = PBXVariantGroup;
			children = (
				5613CE7527CEB58900C159D2 /* Base */,
			);
			name = LaunchScreen.storyboard;
			sourceTree = "<group>";
		};
/* End PBXVariantGroup section */

/* Begin XCBuildConfiguration section */
		5613CE8E27CEB58900C159D2 /* Debug */ = {
			isa = XCBuildConfiguration;
			buildSettings = {
				ALWAYS_SEARCH_USER_PATHS = NO;
				CLANG_ANALYZER_NONNULL = YES;
				CLANG_ANALYZER_NUMBER_OBJECT_CONVERSION = YES_AGGRESSIVE;
				CLANG_CXX_LANGUAGE_STANDARD = "gnu++17";
				CLANG_CXX_LIBRARY = "libc++";
				CLANG_ENABLE_MODULES = YES;
				CLANG_ENABLE_OBJC_ARC = YES;
				CLANG_ENABLE_OBJC_WEAK = YES;
				CLANG_WARN_BLOCK_CAPTURE_AUTORELEASING = YES;
				CLANG_WARN_BOOL_CONVERSION = YES;
				CLANG_WARN_COMMA = YES;
				CLANG_WARN_CONSTANT_CONVERSION = YES;
				CLANG_WARN_DEPRECATED_OBJC_IMPLEMENTATIONS = YES;
				CLANG_WARN_DIRECT_OBJC_ISA_USAGE = YES_ERROR;
				CLANG_WARN_DOCUMENTATION_COMMENTS = YES;
				CLANG_WARN_EMPTY_BODY = YES;
				CLANG_WARN_ENUM_CONVERSION = YES;
				CLANG_WARN_INFINITE_RECURSION = YES;
				CLANG_WARN_INT_CONVERSION = YES;
				CLANG_WARN_NON_LITERAL_NULL_CONVERSION = YES;
				CLANG_WARN_OBJC_IMPLICIT_RETAIN_SELF = YES;
				CLANG_WARN_OBJC_LITERAL_CONVERSION = YES;
				CLANG_WARN_OBJC_ROOT_CLASS = YES_ERROR;
				CLANG_WARN_QUOTED_INCLUDE_IN_FRAMEWORK_HEADER = YES;
				CLANG_WARN_RANGE_LOOP_ANALYSIS = YES;
				CLANG_WARN_STRICT_PROTOTYPES = YES;
				CLANG_WARN_SUSPICIOUS_MOVE = YES;
				CLANG_WARN_UNGUARDED_AVAILABILITY = YES_AGGRESSIVE;
				CLANG_WARN_UNREACHABLE_CODE = YES;
				CLANG_WARN__DUPLICATE_METHOD_MATCH = YES;
				COPY_PHASE_STRIP = NO;
				DEBUG_INFORMATION_FORMAT = dwarf;
				ENABLE_STRICT_OBJC_MSGSEND = YES;
				ENABLE_TESTABILITY = YES;
				GCC_C_LANGUAGE_STANDARD = gnu11;
				GCC_DYNAMIC_NO_PIC = NO;
				GCC_NO_COMMON_BLOCKS = YES;
				GCC_OPTIMIZATION_LEVEL = 0;
				GCC_PREPROCESSOR_DEFINITIONS = (
					"DEBUG=1",
					"$(inherited)",
				);
				GCC_WARN_64_TO_32_BIT_CONVERSION = YES;
				GCC_WARN_ABOUT_RETURN_TYPE = YES_ERROR;
				GCC_WARN_UNDECLARED_SELECTOR = YES;
				GCC_WARN_UNINITIALIZED_AUTOS = YES_AGGRESSIVE;
				GCC_WARN_UNUSED_FUNCTION = YES;
				GCC_WARN_UNUSED_VARIABLE = YES;
				IPHONEOS_DEPLOYMENT_TARGET = 15.2;
				MTL_ENABLE_DEBUG_INFO = INCLUDE_SOURCE;
				MTL_FAST_MATH = YES;
				ONLY_ACTIVE_ARCH = YES;
				SDKROOT = iphoneos;
				SWIFT_ACTIVE_COMPILATION_CONDITIONS = DEBUG;
				SWIFT_OPTIMIZATION_LEVEL = "-Onone";
			};
			name = Debug;
		};
		5613CE8F27CEB58900C159D2 /* Release */ = {
			isa = XCBuildConfiguration;
			buildSettings = {
				ALWAYS_SEARCH_USER_PATHS = NO;
				CLANG_ANALYZER_NONNULL = YES;
				CLANG_ANALYZER_NUMBER_OBJECT_CONVERSION = YES_AGGRESSIVE;
				CLANG_CXX_LANGUAGE_STANDARD = "gnu++17";
				CLANG_CXX_LIBRARY = "libc++";
				CLANG_ENABLE_MODULES = YES;
				CLANG_ENABLE_OBJC_ARC = YES;
				CLANG_ENABLE_OBJC_WEAK = YES;
				CLANG_WARN_BLOCK_CAPTURE_AUTORELEASING = YES;
				CLANG_WARN_BOOL_CONVERSION = YES;
				CLANG_WARN_COMMA = YES;
				CLANG_WARN_CONSTANT_CONVERSION = YES;
				CLANG_WARN_DEPRECATED_OBJC_IMPLEMENTATIONS = YES;
				CLANG_WARN_DIRECT_OBJC_ISA_USAGE = YES_ERROR;
				CLANG_WARN_DOCUMENTATION_COMMENTS = YES;
				CLANG_WARN_EMPTY_BODY = YES;
				CLANG_WARN_ENUM_CONVERSION = YES;
				CLANG_WARN_INFINITE_RECURSION = YES;
				CLANG_WARN_INT_CONVERSION = YES;
				CLANG_WARN_NON_LITERAL_NULL_CONVERSION = YES;
				CLANG_WARN_OBJC_IMPLICIT_RETAIN_SELF = YES;
				CLANG_WARN_OBJC_LITERAL_CONVERSION = YES;
				CLANG_WARN_OBJC_ROOT_CLASS = YES_ERROR;
				CLANG_WARN_QUOTED_INCLUDE_IN_FRAMEWORK_HEADER = YES;
				CLANG_WARN_RANGE_LOOP_ANALYSIS = YES;
				CLANG_WARN_STRICT_PROTOTYPES = YES;
				CLANG_WARN_SUSPICIOUS_MOVE = YES;
				CLANG_WARN_UNGUARDED_AVAILABILITY = YES_AGGRESSIVE;
				CLANG_WARN_UNREACHABLE_CODE = YES;
				CLANG_WARN__DUPLICATE_METHOD_MATCH = YES;
				COPY_PHASE_STRIP = NO;
				DEBUG_INFORMATION_FORMAT = "dwarf-with-dsym";
				ENABLE_NS_ASSERTIONS = NO;
				ENABLE_STRICT_OBJC_MSGSEND = YES;
				GCC_C_LANGUAGE_STANDARD = gnu11;
				GCC_NO_COMMON_BLOCKS = YES;
				GCC_WARN_64_TO_32_BIT_CONVERSION = YES;
				GCC_WARN_ABOUT_RETURN_TYPE = YES_ERROR;
				GCC_WARN_UNDECLARED_SELECTOR = YES;
				GCC_WARN_UNINITIALIZED_AUTOS = YES_AGGRESSIVE;
				GCC_WARN_UNUSED_FUNCTION = YES;
				GCC_WARN_UNUSED_VARIABLE = YES;
				IPHONEOS_DEPLOYMENT_TARGET = 15.2;
				MTL_ENABLE_DEBUG_INFO = NO;
				MTL_FAST_MATH = YES;
				SDKROOT = iphoneos;
				SWIFT_COMPILATION_MODE = wholemodule;
				SWIFT_OPTIMIZATION_LEVEL = "-O";
				VALIDATE_PRODUCT = YES;
			};
			name = Release;
		};
		5613CE9127CEB58900C159D2 /* Debug */ = {
			isa = XCBuildConfiguration;
			buildSettings = {
				ASSETCATALOG_COMPILER_APPICON_NAME = AppIcon;
				ASSETCATALOG_COMPILER_GLOBAL_ACCENT_COLOR_NAME = AccentColor;
				CODE_SIGN_STYLE = Automatic;
				CURRENT_PROJECT_VERSION = 1;
				GENERATE_INFOPLIST_FILE = YES;
				INFOPLIST_FILE = CoordinateSystemsDemo/Info.plist;
				INFOPLIST_KEY_UIApplicationSupportsIndirectInputEvents = YES;
				INFOPLIST_KEY_UILaunchStoryboardName = LaunchScreen;
				INFOPLIST_KEY_UIMainStoryboardFile = Main;
				INFOPLIST_KEY_UISupportedInterfaceOrientations_iPad = "UIInterfaceOrientationPortrait UIInterfaceOrientationPortraitUpsideDown UIInterfaceOrientationLandscapeLeft UIInterfaceOrientationLandscapeRight";
				INFOPLIST_KEY_UISupportedInterfaceOrientations_iPhone = "UIInterfaceOrientationPortrait UIInterfaceOrientationLandscapeLeft UIInterfaceOrientationLandscapeRight";
				LD_RUNPATH_SEARCH_PATHS = (
					"$(inherited)",
					"@executable_path/Frameworks",
				);
				MARKETING_VERSION = 1.0;
				PRODUCT_BUNDLE_IDENTIFIER = NWMSU.CoordinateSystemsDemo;
				PRODUCT_NAME = "$(TARGET_NAME)";
				SWIFT_EMIT_LOC_STRINGS = YES;
				SWIFT_VERSION = 5.0;
				TARGETED_DEVICE_FAMILY = "1,2";
			};
			name = Debug;
		};
		5613CE9227CEB58900C159D2 /* Release */ = {
			isa = XCBuildConfiguration;
			buildSettings = {
				ASSETCATALOG_COMPILER_APPICON_NAME = AppIcon;
				ASSETCATALOG_COMPILER_GLOBAL_ACCENT_COLOR_NAME = AccentColor;
				CODE_SIGN_STYLE = Automatic;
				CURRENT_PROJECT_VERSION = 1;
				GENERATE_INFOPLIST_FILE = YES;
				INFOPLIST_FILE = CoordinateSystemsDemo/Info.plist;
				INFOPLIST_KEY_UIApplicationSupportsIndirectInputEvents = YES;
				INFOPLIST_KEY_UILaunchStoryboardName = LaunchScreen;
				INFOPLIST_KEY_UIMainStoryboardFile = Main;
				INFOPLIST_KEY_UISupportedInterfaceOrientations_iPad = "UIInterfaceOrientationPortrait UIInterfaceOrientationPortraitUpsideDown UIInterfaceOrientationLandscapeLeft UIInterfaceOrientationLandscapeRight";
				INFOPLIST_KEY_UISupportedInterfaceOrientations_iPhone = "UIInterfaceOrientationPortrait UIInterfaceOrientationLandscapeLeft UIInterfaceOrientationLandscapeRight";
				LD_RUNPATH_SEARCH_PATHS = (
					"$(inherited)",
					"@executable_path/Frameworks",
				);
				MARKETING_VERSION = 1.0;
				PRODUCT_BUNDLE_IDENTIFIER = NWMSU.CoordinateSystemsDemo;
				PRODUCT_NAME = "$(TARGET_NAME)";
				SWIFT_EMIT_LOC_STRINGS = YES;
				SWIFT_VERSION = 5.0;
				TARGETED_DEVICE_FAMILY = "1,2";
			};
			name = Release;
		};
		5613CE9427CEB58900C159D2 /* Debug */ = {
			isa = XCBuildConfiguration;
			buildSettings = {
				ALWAYS_EMBED_SWIFT_STANDARD_LIBRARIES = YES;
				BUNDLE_LOADER = "$(TEST_HOST)";
				CODE_SIGN_STYLE = Automatic;
				CURRENT_PROJECT_VERSION = 1;
				GENERATE_INFOPLIST_FILE = YES;
				IPHONEOS_DEPLOYMENT_TARGET = 15.2;
				MARKETING_VERSION = 1.0;
				PRODUCT_BUNDLE_IDENTIFIER = NWMSU.CoordinateSystemsDemoTests;
				PRODUCT_NAME = "$(TARGET_NAME)";
				SWIFT_EMIT_LOC_STRINGS = NO;
				SWIFT_VERSION = 5.0;
				TARGETED_DEVICE_FAMILY = "1,2";
				TEST_HOST = "$(BUILT_PRODUCTS_DIR)/CoordinateSystemsDemo.app/CoordinateSystemsDemo";
			};
			name = Debug;
		};
		5613CE9527CEB58900C159D2 /* Release */ = {
			isa = XCBuildConfiguration;
			buildSettings = {
				ALWAYS_EMBED_SWIFT_STANDARD_LIBRARIES = YES;
				BUNDLE_LOADER = "$(TEST_HOST)";
				CODE_SIGN_STYLE = Automatic;
				CURRENT_PROJECT_VERSION = 1;
				GENERATE_INFOPLIST_FILE = YES;
				IPHONEOS_DEPLOYMENT_TARGET = 15.2;
				MARKETING_VERSION = 1.0;
				PRODUCT_BUNDLE_IDENTIFIER = NWMSU.CoordinateSystemsDemoTests;
				PRODUCT_NAME = "$(TARGET_NAME)";
				SWIFT_EMIT_LOC_STRINGS = NO;
				SWIFT_VERSION = 5.0;
				TARGETED_DEVICE_FAMILY = "1,2";
				TEST_HOST = "$(BUILT_PRODUCTS_DIR)/CoordinateSystemsDemo.app/CoordinateSystemsDemo";
			};
			name = Release;
		};
		5613CE9727CEB58900C159D2 /* Debug */ = {
			isa = XCBuildConfiguration;
			buildSettings = {
				ALWAYS_EMBED_SWIFT_STANDARD_LIBRARIES = YES;
				CODE_SIGN_STYLE = Automatic;
				CURRENT_PROJECT_VERSION = 1;
				GENERATE_INFOPLIST_FILE = YES;
				MARKETING_VERSION = 1.0;
				PRODUCT_BUNDLE_IDENTIFIER = NWMSU.CoordinateSystemsDemoUITests;
				PRODUCT_NAME = "$(TARGET_NAME)";
				SWIFT_EMIT_LOC_STRINGS = NO;
				SWIFT_VERSION = 5.0;
				TARGETED_DEVICE_FAMILY = "1,2";
				TEST_TARGET_NAME = CoordinateSystemsDemo;
			};
			name = Debug;
		};
		5613CE9827CEB58900C159D2 /* Release */ = {
			isa = XCBuildConfiguration;
			buildSettings = {
				ALWAYS_EMBED_SWIFT_STANDARD_LIBRARIES = YES;
				CODE_SIGN_STYLE = Automatic;
				CURRENT_PROJECT_VERSION = 1;
				GENERATE_INFOPLIST_FILE = YES;
				MARKETING_VERSION = 1.0;
				PRODUCT_BUNDLE_IDENTIFIER = NWMSU.CoordinateSystemsDemoUITests;
				PRODUCT_NAME = "$(TARGET_NAME)";
				SWIFT_EMIT_LOC_STRINGS = NO;
				SWIFT_VERSION = 5.0;
				TARGETED_DEVICE_FAMILY = "1,2";
				TEST_TARGET_NAME = CoordinateSystemsDemo;
			};
			name = Release;
		};
/* End XCBuildConfiguration section */

/* Begin XCConfigurationList section */
		5613CE6127CEB58700C159D2 /* Build configuration list for PBXProject "CoordinateSystemsDemo" */ = {
			isa = XCConfigurationList;
			buildConfigurations = (
				5613CE8E27CEB58900C159D2 /* Debug */,
				5613CE8F27CEB58900C159D2 /* Release */,
			);
			defaultConfigurationIsVisible = 0;
			defaultConfigurationName = Release;
		};
		5613CE9027CEB58900C159D2 /* Build configuration list for PBXNativeTarget "CoordinateSystemsDemo" */ = {
			isa = XCConfigurationList;
			buildConfigurations = (
				5613CE9127CEB58900C159D2 /* Debug */,
				5613CE9227CEB58900C159D2 /* Release */,
			);
			defaultConfigurationIsVisible = 0;
			defaultConfigurationName = Release;
		};
		5613CE9327CEB58900C159D2 /* Build configuration list for PBXNativeTarget "CoordinateSystemsDemoTests" */ = {
			isa = XCConfigurationList;
			buildConfigurations = (
				5613CE9427CEB58900C159D2 /* Debug */,
				5613CE9527CEB58900C159D2 /* Release */,
			);
			defaultConfigurationIsVisible = 0;
			defaultConfigurationName = Release;
		};
		5613CE9627CEB58900C159D2 /* Build configuration list for PBXNativeTarget "CoordinateSystemsDemoUITests" */ = {
			isa = XCConfigurationList;
			buildConfigurations = (
				5613CE9727CEB58900C159D2 /* Debug */,
				5613CE9827CEB58900C159D2 /* Release */,
			);
			defaultConfigurationIsVisible = 0;
			defaultConfigurationName = Release;
		};
/* End XCConfigurationList section */
	};
	rootObject = 5613CE5E27CEB58700C159D2 /* Project object */;
}
